
Microsoft Visual Studio Solution File, Format Version 12.00
# Visual Studio 15
VisualStudioVersion = 15.0.26730.12
MinimumVisualStudioVersion = 10.0.40219.1
Project("{FAE04EC0-301F-11D3-BF4B-00C04F79EFBC}") = "ParsingText", "ParsingText\ParsingText.csproj", "{A0772607-D8DC-47B4-BEDE-B3CF44F6BF76}"
EndProject
Project("{FAE04EC0-301F-11D3-BF4B-00C04F79EFBC}") = "WorkWithText", "WorkWithText\WorkWithText.csproj", "{62275CE8-4003-4694-B32E-2F281733B41A}"
EndProject
Global
	GlobalSection(SolutionConfigurationPlatforms) = preSolution
		Debug|Any CPU = Debug|Any CPU
		Release|Any CPU = Release|Any CPU
	EndGlobalSection
	GlobalSection(ProjectConfigurationPlatforms) = postSolution
		{A0772607-D8DC-47B4-BEDE-B3CF44F6BF76}.Debug|Any CPU.ActiveCfg = Debug|Any CPU
		{A0772607-D8DC-47B4-BEDE-B3CF44F6BF76}.Debug|Any CPU.Build.0 = Debug|Any CPU
		{A0772607-D8DC-47B4-BEDE-B3CF44F6BF76}.Release|Any CPU.ActiveCfg = Release|Any CPU
		{A0772607-D8DC-47B4-BEDE-B3CF44F6BF76}.Release|Any CPU.Build.0 = Release|Any CPU
		{62275CE8-4003-4694-B32E-2F281733B41A}.Debug|Any CPU.ActiveCfg = Debug|Any CPU
		{62275CE8-4003-4694-B32E-2F281733B41A}.Debug|Any CPU.Build.0 = Debug|Any CPU
		{62275CE8-4003-4694-B32E-2F281733B41A}.Release|Any CPU.ActiveCfg = Release|Any CPU
		{62275CE8-4003-4694-B32E-2F281733B41A}.Release|Any CPU.Build.0 = Release|Any CPU
	EndGlobalSection
	GlobalSection(SolutionProperties) = preSolution
		HideSolutionNode = FALSE
	EndGlobalSection
	GlobalSection(ExtensibilityGlobals) = postSolution
		SolutionGuid = {2A62B37F-9DF2-42A0-9604-330CB9B01471}
	EndGlobalSection
EndGlobal
